
Microsoft Visual Studio Solution File, Format Version 12.00
# Visual Studio Version 16
VisualStudioVersion = 16.0.31112.23
MinimumVisualStudioVersion = 10.0.40219.1
Project("{FAE04EC0-301F-11D3-BF4B-00C04F79EFBC}") = "visual and bd", "visual and bd.csproj", "{D8CFE93A-8FC2-4349-B47E-B46BFCA129D3}"
EndProject
Global
	GlobalSection(SolutionConfigurationPlatforms) = preSolution
		Debug|Any CPU = Debug|Any CPU
		Release|Any CPU = Release|Any CPU
	EndGlobalSection
	GlobalSection(ProjectConfigurationPlatforms) = postSolution
		{D8CFE93A-8FC2-4349-B47E-B46BFCA129D3}.Debug|Any CPU.ActiveCfg = Debug|Any CPU
		{D8CFE93A-8FC2-4349-B47E-B46BFCA129D3}.Debug|Any CPU.Build.0 = Debug|Any CPU
		{D8CFE93A-8FC2-4349-B47E-B46BFCA129D3}.Release|Any CPU.ActiveCfg = Release|Any CPU
		{D8CFE93A-8FC2-4349-B47E-B46BFCA129D3}.Release|Any CPU.Build.0 = Release|Any CPU
	EndGlobalSection
	GlobalSection(SolutionProperties) = preSolution
		HideSolutionNode = FALSE
	EndGlobalSection
	GlobalSection(ExtensibilityGlobals) = postSolution
		SolutionGuid = {68C43B8F-C889-4EA0-BA7C-9F08A4AAEF81}
	EndGlobalSection
EndGlobal
